
Microsoft Visual Studio Solution File, Format Version 12.00
# Visual Studio 15
VisualStudioVersion = 15.0.27130.2024
MinimumVisualStudioVersion = 10.0.40219.1
Project("{FAE04EC0-301F-11D3-BF4B-00C04F79EFBC}") = "DirectoryCompare", "DirectoryCompare\DirectoryCompare.csproj", "{19BA89B4-17B8-49EB-AB6B-866648AE2B73}"
EndProject
Global
	GlobalSection(SolutionConfigurationPlatforms) = preSolution
		Debug|Any CPU = Debug|Any CPU
		Release|Any CPU = Release|Any CPU
	EndGlobalSection
	GlobalSection(ProjectConfigurationPlatforms) = postSolution
		{19BA89B4-17B8-49EB-AB6B-866648AE2B73}.Debug|Any CPU.ActiveCfg = Debug|Any CPU
		{19BA89B4-17B8-49EB-AB6B-866648AE2B73}.Debug|Any CPU.Build.0 = Debug|Any CPU
		{19BA89B4-17B8-49EB-AB6B-866648AE2B73}.Release|Any CPU.ActiveCfg = Release|Any CPU
		{19BA89B4-17B8-49EB-AB6B-866648AE2B73}.Release|Any CPU.Build.0 = Release|Any CPU
	EndGlobalSection
	GlobalSection(SolutionProperties) = preSolution
		HideSolutionNode = FALSE
	EndGlobalSection
	GlobalSection(ExtensibilityGlobals) = postSolution
		SolutionGuid = {ED81C29C-2CAB-41E1-8FAF-3672CB7B3854}
	EndGlobalSection
EndGlobal
